# This file is automatically @generated by Cargo.
# It is not intended for manual editing.
version = 4

[[package]]
name = "abi-fixtures"
version = "0.1.0"
dependencies = [
 "lazyos-sys",
 "libmessenger",
]

[[package]]
name = "lazyos-sys"
version = "0.1.0"
dependencies = [
 "libmessenger",
 "messenger-generated",
]

[[package]]
name = "libmessenger"
version = "0.1.0"

[[package]]
name = "messenger-generated"
version = "0.1.0"
dependencies = [
 "libmessenger",
]
